
Microsoft Visual Studio Solution File, Format Version 12.00
# Visual Studio Version 17
VisualStudioVersion = 17.5.33414.496
MinimumVisualStudioVersion = 10.0.40219.1
Project("{FAE04EC0-301F-11D3-BF4B-00C04F79EFBC}") = "BlazorAppAssembly1", "BlazorAppAssembly1\BlazorAppAssembly1.csproj", "{3EEEE8CD-6745-421F-8EB1-A11D8C482DF1}"
EndProject
Global
	GlobalSection(SolutionConfigurationPlatforms) = preSolution
		Debug|Any CPU = Debug|Any CPU
		Release|Any CPU = Release|Any CPU
	EndGlobalSection
	GlobalSection(ProjectConfigurationPlatforms) = postSolution
		{3EEEE8CD-6745-421F-8EB1-A11D8C482DF1}.Debug|Any CPU.ActiveCfg = Debug|Any CPU
		{3EEEE8CD-6745-421F-8EB1-A11D8C482DF1}.Debug|Any CPU.Build.0 = Debug|Any CPU
		{3EEEE8CD-6745-421F-8EB1-A11D8C482DF1}.Release|Any CPU.ActiveCfg = Release|Any CPU
		{3EEEE8CD-6745-421F-8EB1-A11D8C482DF1}.Release|Any CPU.Build.0 = Release|Any CPU
	EndGlobalSection
	GlobalSection(SolutionProperties) = preSolution
		HideSolutionNode = FALSE
	EndGlobalSection
	GlobalSection(ExtensibilityGlobals) = postSolution
		SolutionGuid = {B5A27051-00E1-40CC-AFB2-EA536C8A7815}
	EndGlobalSection
EndGlobal
